
Microsoft Visual Studio Solution File, Format Version 12.00
# Visual Studio Version 17
VisualStudioVersion = 17.14.36518.9 d17.14
MinimumVisualStudioVersion = 10.0.40219.1
Project("{FAE04EC0-301F-11D3-BF4B-00C04F79EFBC}") = "shopping-list-backend", "shopping-list-backend\shopping-list-backend.csproj", "{2D91F293-F306-4CD9-BE69-D541BDE157AA}"
EndProject
Global
	GlobalSection(SolutionConfigurationPlatforms) = preSolution
		Debug|Any CPU = Debug|Any CPU
		Release|Any CPU = Release|Any CPU
	EndGlobalSection
	GlobalSection(ProjectConfigurationPlatforms) = postSolution
		{2D91F293-F306-4CD9-BE69-D541BDE157AA}.Debug|Any CPU.ActiveCfg = Debug|Any CPU
		{2D91F293-F306-4CD9-BE69-D541BDE157AA}.Debug|Any CPU.Build.0 = Debug|Any CPU
		{2D91F293-F306-4CD9-BE69-D541BDE157AA}.Release|Any CPU.ActiveCfg = Release|Any CPU
		{2D91F293-F306-4CD9-BE69-D541BDE157AA}.Release|Any CPU.Build.0 = Release|Any CPU
	EndGlobalSection
	GlobalSection(SolutionProperties) = preSolution
		HideSolutionNode = FALSE
	EndGlobalSection
	GlobalSection(ExtensibilityGlobals) = postSolution
		SolutionGuid = {EFD7169E-C032-4162-BE02-1E7A1C8050AD}
	EndGlobalSection
EndGlobal
